
Microsoft Visual Studio Solution File, Format Version 12.00
# Visual Studio Version 17
Project("{2150E333-8FDC-42A3-9474-1A3956D46DE8}") = "CMakePredefinedTargets", "CMakePredefinedTargets", "{1DDC2BE4-4520-3B29-9D50-920657E59B52}"
EndProject
Project("{2150E333-8FDC-42A3-9474-1A3956D46DE8}") = "OpenVoxKey", "OpenVoxKey", "{1D6ED442-0D6B-3CAE-8BC2-E6ED64923687}"
EndProject
Project("{2150E333-8FDC-42A3-9474-1A3956D46DE8}") = "OpenVoxTuner", "OpenVoxTuner", "{952E520F-9EB5-3C07-BF7D-57DE5EF04D19}"
EndProject
Project("{8BC9CEB8-8B4A-11D0-8D11-00A0C91BC942}") = "ALL_BUILD", "ALL_BUILD.vcxproj", "{1F9AF362-4985-37CB-A18F-EFC572E0997A}"
	ProjectSection(ProjectDependencies) = postProject
		{05848286-F2EB-3885-8822-07C5F9CEF558} = {05848286-F2EB-3885-8822-07C5F9CEF558}
		{D37B544D-A5C8-318D-95C7-C86390805079} = {D37B544D-A5C8-318D-95C7-C86390805079}
		{1A96073C-0523-3F82-AA3D-695724EE948C} = {1A96073C-0523-3F82-AA3D-695724EE948C}
		{F3482E02-4767-3D22-8713-61D3740B73C2} = {F3482E02-4767-3D22-8713-61D3740B73C2}
		{4506A85C-0ED5-3608-8E82-9FF6CE6569E2} = {4506A85C-0ED5-3608-8E82-9FF6CE6569E2}
		{FEEEFB23-7DD7-3D1F-A483-FA9B7CA80493} = {FEEEFB23-7DD7-3D1F-A483-FA9B7CA80493}
		{1B14AF95-9047-3438-A193-B8C5E7E1CDC3} = {1B14AF95-9047-3438-A193-B8C5E7E1CDC3}
		{E5BB9799-0FE3-37AB-9BBF-B859EB8CD8B5} = {E5BB9799-0FE3-37AB-9BBF-B859EB8CD8B5}
		{EAA3CCCE-02BB-37E0-8883-698EBC15701E} = {EAA3CCCE-02BB-37E0-8883-698EBC15701E}
		{CEC41914-8C5C-3DA0-8B6F-772B843619A5} = {CEC41914-8C5C-3DA0-8B6F-772B843619A5}
		{4F8A54D5-9BB0-38CD-8EBA-C5B973D78B87} = {4F8A54D5-9BB0-38CD-8EBA-C5B973D78B87}
		{2356E8E6-1EBD-3DF8-9A59-AC86EAE503B8} = {2356E8E6-1EBD-3DF8-9A59-AC86EAE503B8}
	EndProjectSection
EndProject
Project("{8BC9CEB8-8B4A-11D0-8D11-00A0C91BC942}") = "INSTALL", "INSTALL.vcxproj", "{B422E3DD-5431-304E-9F5E-0E12EA7BA6F6}"
	ProjectSection(ProjectDependencies) = postProject
		{1F9AF362-4985-37CB-A18F-EFC572E0997A} = {1F9AF362-4985-37CB-A18F-EFC572E0997A}
		{2356E8E6-1EBD-3DF8-9A59-AC86EAE503B8} = {2356E8E6-1EBD-3DF8-9A59-AC86EAE503B8}
	EndProjectSection
EndProject
Project("{8BC9CEB8-8B4A-11D0-8D11-00A0C91BC942}") = "OpenVoxKey", "OpenVoxKey.vcxproj", "{05848286-F2EB-3885-8822-07C5F9CEF558}"
	ProjectSection(ProjectDependencies) = postProject
		{2356E8E6-1EBD-3DF8-9A59-AC86EAE503B8} = {2356E8E6-1EBD-3DF8-9A59-AC86EAE503B8}
	EndProjectSection
EndProject
Project("{8BC9CEB8-8B4A-11D0-8D11-00A0C91BC942}") = "OpenVoxKey_All", "OpenVoxKey_All.vcxproj", "{6F9D11E7-4B8D-392F-9E43-ACD469C89280}"
	ProjectSection(ProjectDependencies) = postProject
		{D37B544D-A5C8-318D-95C7-C86390805079} = {D37B544D-A5C8-318D-95C7-C86390805079}
		{2356E8E6-1EBD-3DF8-9A59-AC86EAE503B8} = {2356E8E6-1EBD-3DF8-9A59-AC86EAE503B8}
	EndProjectSection
EndProject
Project("{8BC9CEB8-8B4A-11D0-8D11-00A0C91BC942}") = "OpenVoxKey_VST3", "OpenVoxKey_VST3.vcxproj", "{D37B544D-A5C8-318D-95C7-C86390805079}"
	ProjectSection(ProjectDependencies) = postProject
		{05848286-F2EB-3885-8822-07C5F9CEF558} = {05848286-F2EB-3885-8822-07C5F9CEF558}
		{1A96073C-0523-3F82-AA3D-695724EE948C} = {1A96073C-0523-3F82-AA3D-695724EE948C}
		{F3482E02-4767-3D22-8713-61D3740B73C2} = {F3482E02-4767-3D22-8713-61D3740B73C2}
		{2356E8E6-1EBD-3DF8-9A59-AC86EAE503B8} = {2356E8E6-1EBD-3DF8-9A59-AC86EAE503B8}
	EndProjectSection
EndProject
Project("{8BC9CEB8-8B4A-11D0-8D11-00A0C91BC942}") = "OpenVoxKey_rc_lib", "OpenVoxKey_rc_lib.vcxproj", "{1A96073C-0523-3F82-AA3D-695724EE948C}"
	ProjectSection(ProjectDependencies) = postProject
		{2356E8E6-1EBD-3DF8-9A59-AC86EAE503B8} = {2356E8E6-1EBD-3DF8-9A59-AC86EAE503B8}
	EndProjectSection
EndProject
Project("{8BC9CEB8-8B4A-11D0-8D11-00A0C91BC942}") = "OpenVoxKey_vst3_helper", "OpenVoxKey_vst3_helper.vcxproj", "{F3482E02-4767-3D22-8713-61D3740B73C2}"
	ProjectSection(ProjectDependencies) = postProject
		{2356E8E6-1EBD-3DF8-9A59-AC86EAE503B8} = {2356E8E6-1EBD-3DF8-9A59-AC86EAE503B8}
	EndProjectSection
EndProject
Project("{8BC9CEB8-8B4A-11D0-8D11-00A0C91BC942}") = "OpenVoxTuner", "OpenVoxTuner.vcxproj", "{4506A85C-0ED5-3608-8E82-9FF6CE6569E2}"
	ProjectSection(ProjectDependencies) = postProject
		{2356E8E6-1EBD-3DF8-9A59-AC86EAE503B8} = {2356E8E6-1EBD-3DF8-9A59-AC86EAE503B8}
	EndProjectSection
EndProject
Project("{8BC9CEB8-8B4A-11D0-8D11-00A0C91BC942}") = "OpenVoxTunerTests", "OpenVoxTunerTests.vcxproj", "{FEEEFB23-7DD7-3D1F-A483-FA9B7CA80493}"
	ProjectSection(ProjectDependencies) = postProject
		{1B14AF95-9047-3438-A193-B8C5E7E1CDC3} = {1B14AF95-9047-3438-A193-B8C5E7E1CDC3}
		{2356E8E6-1EBD-3DF8-9A59-AC86EAE503B8} = {2356E8E6-1EBD-3DF8-9A59-AC86EAE503B8}
	EndProjectSection
EndProject
Project("{8BC9CEB8-8B4A-11D0-8D11-00A0C91BC942}") = "OpenVoxTunerTests_rc_lib", "OpenVoxTunerTests_rc_lib.vcxproj", "{1B14AF95-9047-3438-A193-B8C5E7E1CDC3}"
	ProjectSection(ProjectDependencies) = postProject
		{2356E8E6-1EBD-3DF8-9A59-AC86EAE503B8} = {2356E8E6-1EBD-3DF8-9A59-AC86EAE503B8}
	EndProjectSection
EndProject
Project("{8BC9CEB8-8B4A-11D0-8D11-00A0C91BC942}") = "OpenVoxTuner_All", "OpenVoxTuner_All.vcxproj", "{85FE69A3-A433-3150-BABA-9C2BDF78EC03}"
	ProjectSection(ProjectDependencies) = postProject
		{E5BB9799-0FE3-37AB-9BBF-B859EB8CD8B5} = {E5BB9799-0FE3-37AB-9BBF-B859EB8CD8B5}
		{EAA3CCCE-02BB-37E0-8883-698EBC15701E} = {EAA3CCCE-02BB-37E0-8883-698EBC15701E}
		{2356E8E6-1EBD-3DF8-9A59-AC86EAE503B8} = {2356E8E6-1EBD-3DF8-9A59-AC86EAE503B8}
	EndProjectSection
EndProject
Project("{8BC9CEB8-8B4A-11D0-8D11-00A0C91BC942}") = "OpenVoxTuner_Standalone", "OpenVoxTuner_Standalone.vcxproj", "{E5BB9799-0FE3-37AB-9BBF-B859EB8CD8B5}"
	ProjectSection(ProjectDependencies) = postProject
		{4506A85C-0ED5-3608-8E82-9FF6CE6569E2} = {4506A85C-0ED5-3608-8E82-9FF6CE6569E2}
		{CEC41914-8C5C-3DA0-8B6F-772B843619A5} = {CEC41914-8C5C-3DA0-8B6F-772B843619A5}
		{2356E8E6-1EBD-3DF8-9A59-AC86EAE503B8} = {2356E8E6-1EBD-3DF8-9A59-AC86EAE503B8}
	EndProjectSection
EndProject
Project("{8BC9CEB8-8B4A-11D0-8D11-00A0C91BC942}") = "OpenVoxTuner_VST3", "OpenVoxTuner_VST3.vcxproj", "{EAA3CCCE-02BB-37E0-8883-698EBC15701E}"
	ProjectSection(ProjectDependencies) = postProject
		{4506A85C-0ED5-3608-8E82-9FF6CE6569E2} = {4506A85C-0ED5-3608-8E82-9FF6CE6569E2}
		{CEC41914-8C5C-3DA0-8B6F-772B843619A5} = {CEC41914-8C5C-3DA0-8B6F-772B843619A5}
		{4F8A54D5-9BB0-38CD-8EBA-C5B973D78B87} = {4F8A54D5-9BB0-38CD-8EBA-C5B973D78B87}
		{2356E8E6-1EBD-3DF8-9A59-AC86EAE503B8} = {2356E8E6-1EBD-3DF8-9A59-AC86EAE503B8}
	EndProjectSection
EndProject
Project("{8BC9CEB8-8B4A-11D0-8D11-00A0C91BC942}") = "OpenVoxTuner_rc_lib", "OpenVoxTuner_rc_lib.vcxproj", "{CEC41914-8C5C-3DA0-8B6F-772B843619A5}"
	ProjectSection(ProjectDependencies) = postProject
		{2356E8E6-1EBD-3DF8-9A59-AC86EAE503B8} = {2356E8E6-1EBD-3DF8-9A59-AC86EAE503B8}
	EndProjectSection
EndProject
Project("{8BC9CEB8-8B4A-11D0-8D11-00A0C91BC942}") = "OpenVoxTuner_vst3_helper", "OpenVoxTuner_vst3_helper.vcxproj", "{4F8A54D5-9BB0-38CD-8EBA-C5B973D78B87}"
	ProjectSection(ProjectDependencies) = postProject
		{2356E8E6-1EBD-3DF8-9A59-AC86EAE503B8} = {2356E8E6-1EBD-3DF8-9A59-AC86EAE503B8}
	EndProjectSection
EndProject
Project("{8BC9CEB8-8B4A-11D0-8D11-00A0C91BC942}") = "ZERO_CHECK", "ZERO_CHECK.vcxproj", "{2356E8E6-1EBD-3DF8-9A59-AC86EAE503B8}"
	ProjectSection(ProjectDependencies) = postProject
	EndProjectSection
EndProject
Global
	GlobalSection(SolutionConfigurationPlatforms) = preSolution
		Debug|x64 = Debug|x64
		Release|x64 = Release|x64
		MinSizeRel|x64 = MinSizeRel|x64
		RelWithDebInfo|x64 = RelWithDebInfo|x64
	EndGlobalSection
	GlobalSection(ProjectConfigurationPlatforms) = postSolution
		{1F9AF362-4985-37CB-A18F-EFC572E0997A}.Debug|x64.ActiveCfg = Debug|x64
		{1F9AF362-4985-37CB-A18F-EFC572E0997A}.Debug|x64.Build.0 = Debug|x64
		{1F9AF362-4985-37CB-A18F-EFC572E0997A}.Release|x64.ActiveCfg = Release|x64
		{1F9AF362-4985-37CB-A18F-EFC572E0997A}.Release|x64.Build.0 = Release|x64
		{1F9AF362-4985-37CB-A18F-EFC572E0997A}.MinSizeRel|x64.ActiveCfg = MinSizeRel|x64
		{1F9AF362-4985-37CB-A18F-EFC572E0997A}.MinSizeRel|x64.Build.0 = MinSizeRel|x64
		{1F9AF362-4985-37CB-A18F-EFC572E0997A}.RelWithDebInfo|x64.ActiveCfg = RelWithDebInfo|x64
		{1F9AF362-4985-37CB-A18F-EFC572E0997A}.RelWithDebInfo|x64.Build.0 = RelWithDebInfo|x64
		{B422E3DD-5431-304E-9F5E-0E12EA7BA6F6}.Debug|x64.ActiveCfg = Debug|x64
		{B422E3DD-5431-304E-9F5E-0E12EA7BA6F6}.Release|x64.ActiveCfg = Release|x64
		{B422E3DD-5431-304E-9F5E-0E12EA7BA6F6}.MinSizeRel|x64.ActiveCfg = MinSizeRel|x64
		{B422E3DD-5431-304E-9F5E-0E12EA7BA6F6}.RelWithDebInfo|x64.ActiveCfg = RelWithDebInfo|x64
		{05848286-F2EB-3885-8822-07C5F9CEF558}.Debug|x64.ActiveCfg = Debug|x64
		{05848286-F2EB-3885-8822-07C5F9CEF558}.Debug|x64.Build.0 = Debug|x64
		{05848286-F2EB-3885-8822-07C5F9CEF558}.Release|x64.ActiveCfg = Release|x64
		{05848286-F2EB-3885-8822-07C5F9CEF558}.Release|x64.Build.0 = Release|x64
		{05848286-F2EB-3885-8822-07C5F9CEF558}.MinSizeRel|x64.ActiveCfg = MinSizeRel|x64
		{05848286-F2EB-3885-8822-07C5F9CEF558}.MinSizeRel|x64.Build.0 = MinSizeRel|x64
		{05848286-F2EB-3885-8822-07C5F9CEF558}.RelWithDebInfo|x64.ActiveCfg = RelWithDebInfo|x64
		{05848286-F2EB-3885-8822-07C5F9CEF558}.RelWithDebInfo|x64.Build.0 = RelWithDebInfo|x64
		{6F9D11E7-4B8D-392F-9E43-ACD469C89280}.Debug|x64.ActiveCfg = Debug|x64
		{6F9D11E7-4B8D-392F-9E43-ACD469C89280}.Release|x64.ActiveCfg = Release|x64
		{6F9D11E7-4B8D-392F-9E43-ACD469C89280}.MinSizeRel|x64.ActiveCfg = MinSizeRel|x64
		{6F9D11E7-4B8D-392F-9E43-ACD469C89280}.RelWithDebInfo|x64.ActiveCfg = RelWithDebInfo|x64
		{D37B544D-A5C8-318D-95C7-C86390805079}.Debug|x64.ActiveCfg = Debug|x64
		{D37B544D-A5C8-318D-95C7-C86390805079}.Debug|x64.Build.0 = Debug|x64
		{D37B544D-A5C8-318D-95C7-C86390805079}.Release|x64.ActiveCfg = Release|x64
		{D37B544D-A5C8-318D-95C7-C86390805079}.Release|x64.Build.0 = Release|x64
		{D37B544D-A5C8-318D-95C7-C86390805079}.MinSizeRel|x64.ActiveCfg = MinSizeRel|x64
		{D37B544D-A5C8-318D-95C7-C86390805079}.MinSizeRel|x64.Build.0 = MinSizeRel|x64
		{D37B544D-A5C8-318D-95C7-C86390805079}.RelWithDebInfo|x64.ActiveCfg = RelWithDebInfo|x64
		{D37B544D-A5C8-318D-95C7-C86390805079}.RelWithDebInfo|x64.Build.0 = RelWithDebInfo|x64
		{1A96073C-0523-3F82-AA3D-695724EE948C}.Debug|x64.ActiveCfg = Debug|x64
		{1A96073C-0523-3F82-AA3D-695724EE948C}.Debug|x64.Build.0 = Debug|x64
		{1A96073C-0523-3F82-AA3D-695724EE948C}.Release|x64.ActiveCfg = Release|x64
		{1A96073C-0523-3F82-AA3D-695724EE948C}.Release|x64.Build.0 = Release|x64
		{1A96073C-0523-3F82-AA3D-695724EE948C}.MinSizeRel|x64.ActiveCfg = MinSizeRel|x64
		{1A96073C-0523-3F82-AA3D-695724EE948C}.MinSizeRel|x64.Build.0 = MinSizeRel|x64
		{1A96073C-0523-3F82-AA3D-695724EE948C}.RelWithDebInfo|x64.ActiveCfg = RelWithDebInfo|x64
		{1A96073C-0523-3F82-AA3D-695724EE948C}.RelWithDebInfo|x64.Build.0 = RelWithDebInfo|x64
		{F3482E02-4767-3D22-8713-61D3740B73C2}.Debug|x64.ActiveCfg = Debug|x64
		{F3482E02-4767-3D22-8713-61D3740B73C2}.Debug|x64.Build.0 = Debug|x64
		{F3482E02-4767-3D22-8713-61D3740B73C2}.Release|x64.ActiveCfg = Release|x64
		{F3482E02-4767-3D22-8713-61D3740B73C2}.Release|x64.Build.0 = Release|x64
		{F3482E02-4767-3D22-8713-61D3740B73C2}.MinSizeRel|x64.ActiveCfg = MinSizeRel|x64
		{F3482E02-4767-3D22-8713-61D3740B73C2}.MinSizeRel|x64.Build.0 = MinSizeRel|x64
		{F3482E02-4767-3D22-8713-61D3740B73C2}.RelWithDebInfo|x64.ActiveCfg = RelWithDebInfo|x64
		{F3482E02-4767-3D22-8713-61D3740B73C2}.RelWithDebInfo|x64.Build.0 = RelWithDebInfo|x64
		{4506A85C-0ED5-3608-8E82-9FF6CE6569E2}.Debug|x64.ActiveCfg = Debug|x64
		{4506A85C-0ED5-3608-8E82-9FF6CE6569E2}.Debug|x64.Build.0 = Debug|x64
		{4506A85C-0ED5-3608-8E82-9FF6CE6569E2}.Release|x64.ActiveCfg = Release|x64
		{4506A85C-0ED5-3608-8E82-9FF6CE6569E2}.Release|x64.Build.0 = Release|x64
		{4506A85C-0ED5-3608-8E82-9FF6CE6569E2}.MinSizeRel|x64.ActiveCfg = MinSizeRel|x64
		{4506A85C-0ED5-3608-8E82-9FF6CE6569E2}.MinSizeRel|x64.Build.0 = MinSizeRel|x64
		{4506A85C-0ED5-3608-8E82-9FF6CE6569E2}.RelWithDebInfo|x64.ActiveCfg = RelWithDebInfo|x64
		{4506A85C-0ED5-3608-8E82-9FF6CE6569E2}.RelWithDebInfo|x64.Build.0 = RelWithDebInfo|x64
		{FEEEFB23-7DD7-3D1F-A483-FA9B7CA80493}.Debug|x64.ActiveCfg = Debug|x64
		{FEEEFB23-7DD7-3D1F-A483-FA9B7CA80493}.Debug|x64.Build.0 = Debug|x64
		{FEEEFB23-7DD7-3D1F-A483-FA9B7CA80493}.Release|x64.ActiveCfg = Release|x64
		{FEEEFB23-7DD7-3D1F-A483-FA9B7CA80493}.Release|x64.Build.0 = Release|x64
		{FEEEFB23-7DD7-3D1F-A483-FA9B7CA80493}.MinSizeRel|x64.ActiveCfg = MinSizeRel|x64
		{FEEEFB23-7DD7-3D1F-A483-FA9B7CA80493}.MinSizeRel|x64.Build.0 = MinSizeRel|x64
		{FEEEFB23-7DD7-3D1F-A483-FA9B7CA80493}.RelWithDebInfo|x64.ActiveCfg = RelWithDebInfo|x64
		{FEEEFB23-7DD7-3D1F-A483-FA9B7CA80493}.RelWithDebInfo|x64.Build.0 = RelWithDebInfo|x64
		{1B14AF95-9047-3438-A193-B8C5E7E1CDC3}.Debug|x64.ActiveCfg = Debug|x64
		{1B14AF95-9047-3438-A193-B8C5E7E1CDC3}.Debug|x64.Build.0 = Debug|x64
		{1B14AF95-9047-3438-A193-B8C5E7E1CDC3}.Release|x64.ActiveCfg = Release|x64
		{1B14AF95-9047-3438-A193-B8C5E7E1CDC3}.Release|x64.Build.0 = Release|x64
		{1B14AF95-9047-3438-A193-B8C5E7E1CDC3}.MinSizeRel|x64.ActiveCfg = MinSizeRel|x64
		{1B14AF95-9047-3438-A193-B8C5E7E1CDC3}.MinSizeRel|x64.Build.0 = MinSizeRel|x64
		{1B14AF95-9047-3438-A193-B8C5E7E1CDC3}.RelWithDebInfo|x64.ActiveCfg = RelWithDebInfo|x64
		{1B14AF95-9047-3438-A193-B8C5E7E1CDC3}.RelWithDebInfo|x64.Build.0 = RelWithDebInfo|x64
		{85FE69A3-A433-3150-BABA-9C2BDF78EC03}.Debug|x64.ActiveCfg = Debug|x64
		{85FE69A3-A433-3150-BABA-9C2BDF78EC03}.Release|x64.ActiveCfg = Release|x64
		{85FE69A3-A433-3150-BABA-9C2BDF78EC03}.MinSizeRel|x64.ActiveCfg = MinSizeRel|x64
		{85FE69A3-A433-3150-BABA-9C2BDF78EC03}.RelWithDebInfo|x64.ActiveCfg = RelWithDebInfo|x64
		{E5BB9799-0FE3-37AB-9BBF-B859EB8CD8B5}.Debug|x64.ActiveCfg = Debug|x64
		{E5BB9799-0FE3-37AB-9BBF-B859EB8CD8B5}.Debug|x64.Build.0 = Debug|x64
		{E5BB9799-0FE3-37AB-9BBF-B859EB8CD8B5}.Release|x64.ActiveCfg = Release|x64
		{E5BB9799-0FE3-37AB-9BBF-B859EB8CD8B5}.Release|x64.Build.0 = Release|x64
		{E5BB9799-0FE3-37AB-9BBF-B859EB8CD8B5}.MinSizeRel|x64.ActiveCfg = MinSizeRel|x64
		{E5BB9799-0FE3-37AB-9BBF-B859EB8CD8B5}.MinSizeRel|x64.Build.0 = MinSizeRel|x64
		{E5BB9799-0FE3-37AB-9BBF-B859EB8CD8B5}.RelWithDebInfo|x64.ActiveCfg = RelWithDebInfo|x64
		{E5BB9799-0FE3-37AB-9BBF-B859EB8CD8B5}.RelWithDebInfo|x64.Build.0 = RelWithDebInfo|x64
		{EAA3CCCE-02BB-37E0-8883-698EBC15701E}.Debug|x64.ActiveCfg = Debug|x64
		{EAA3CCCE-02BB-37E0-8883-698EBC15701E}.Debug|x64.Build.0 = Debug|x64
		{EAA3CCCE-02BB-37E0-8883-698EBC15701E}.Release|x64.ActiveCfg = Release|x64
		{EAA3CCCE-02BB-37E0-8883-698EBC15701E}.Release|x64.Build.0 = Release|x64
		{EAA3CCCE-02BB-37E0-8883-698EBC15701E}.MinSizeRel|x64.ActiveCfg = MinSizeRel|x64
		{EAA3CCCE-02BB-37E0-8883-698EBC15701E}.MinSizeRel|x64.Build.0 = MinSizeRel|x64
		{EAA3CCCE-02BB-37E0-8883-698EBC15701E}.RelWithDebInfo|x64.ActiveCfg = RelWithDebInfo|x64
		{EAA3CCCE-02BB-37E0-8883-698EBC15701E}.RelWithDebInfo|x64.Build.0 = RelWithDebInfo|x64
		{CEC41914-8C5C-3DA0-8B6F-772B843619A5}.Debug|x64.ActiveCfg = Debug|x64
		{CEC41914-8C5C-3DA0-8B6F-772B843619A5}.Debug|x64.Build.0 = Debug|x64
		{CEC41914-8C5C-3DA0-8B6F-772B843619A5}.Release|x64.ActiveCfg = Release|x64
		{CEC41914-8C5C-3DA0-8B6F-772B843619A5}.Release|x64.Build.0 = Release|x64
		{CEC41914-8C5C-3DA0-8B6F-772B843619A5}.MinSizeRel|x64.ActiveCfg = MinSizeRel|x64
		{CEC41914-8C5C-3DA0-8B6F-772B843619A5}.MinSizeRel|x64.Build.0 = MinSizeRel|x64
		{CEC41914-8C5C-3DA0-8B6F-772B843619A5}.RelWithDebInfo|x64.ActiveCfg = RelWithDebInfo|x64
		{CEC41914-8C5C-3DA0-8B6F-772B843619A5}.RelWithDebInfo|x64.Build.0 = RelWithDebInfo|x64
		{4F8A54D5-9BB0-38CD-8EBA-C5B973D78B87}.Debug|x64.ActiveCfg = Debug|x64
		{4F8A54D5-9BB0-38CD-8EBA-C5B973D78B87}.Debug|x64.Build.0 = Debug|x64
		{4F8A54D5-9BB0-38CD-8EBA-C5B973D78B87}.Release|x64.ActiveCfg = Release|x64
		{4F8A54D5-9BB0-38CD-8EBA-C5B973D78B87}.Release|x64.Build.0 = Release|x64
		{4F8A54D5-9BB0-38CD-8EBA-C5B973D78B87}.MinSizeRel|x64.ActiveCfg = MinSizeRel|x64
		{4F8A54D5-9BB0-38CD-8EBA-C5B973D78B87}.MinSizeRel|x64.Build.0 = MinSizeRel|x64
		{4F8A54D5-9BB0-38CD-8EBA-C5B973D78B87}.RelWithDebInfo|x64.ActiveCfg = RelWithDebInfo|x64
		{4F8A54D5-9BB0-38CD-8EBA-C5B973D78B87}.RelWithDebInfo|x64.Build.0 = RelWithDebInfo|x64
		{2356E8E6-1EBD-3DF8-9A59-AC86EAE503B8}.Debug|x64.ActiveCfg = Debug|x64
		{2356E8E6-1EBD-3DF8-9A59-AC86EAE503B8}.Debug|x64.Build.0 = Debug|x64
		{2356E8E6-1EBD-3DF8-9A59-AC86EAE503B8}.Release|x64.ActiveCfg = Release|x64
		{2356E8E6-1EBD-3DF8-9A59-AC86EAE503B8}.Release|x64.Build.0 = Release|x64
		{2356E8E6-1EBD-3DF8-9A59-AC86EAE503B8}.MinSizeRel|x64.ActiveCfg = MinSizeRel|x64
		{2356E8E6-1EBD-3DF8-9A59-AC86EAE503B8}.MinSizeRel|x64.Build.0 = MinSizeRel|x64
		{2356E8E6-1EBD-3DF8-9A59-AC86EAE503B8}.RelWithDebInfo|x64.ActiveCfg = RelWithDebInfo|x64
		{2356E8E6-1EBD-3DF8-9A59-AC86EAE503B8}.RelWithDebInfo|x64.Build.0 = RelWithDebInfo|x64
	EndGlobalSection
	GlobalSection(NestedProjects) = preSolution
		{1F9AF362-4985-37CB-A18F-EFC572E0997A} = {1DDC2BE4-4520-3B29-9D50-920657E59B52}
		{B422E3DD-5431-304E-9F5E-0E12EA7BA6F6} = {1DDC2BE4-4520-3B29-9D50-920657E59B52}
		{2356E8E6-1EBD-3DF8-9A59-AC86EAE503B8} = {1DDC2BE4-4520-3B29-9D50-920657E59B52}
		{05848286-F2EB-3885-8822-07C5F9CEF558} = {1D6ED442-0D6B-3CAE-8BC2-E6ED64923687}
		{6F9D11E7-4B8D-392F-9E43-ACD469C89280} = {1D6ED442-0D6B-3CAE-8BC2-E6ED64923687}
		{D37B544D-A5C8-318D-95C7-C86390805079} = {1D6ED442-0D6B-3CAE-8BC2-E6ED64923687}
		{4506A85C-0ED5-3608-8E82-9FF6CE6569E2} = {952E520F-9EB5-3C07-BF7D-57DE5EF04D19}
		{85FE69A3-A433-3150-BABA-9C2BDF78EC03} = {952E520F-9EB5-3C07-BF7D-57DE5EF04D19}
		{E5BB9799-0FE3-37AB-9BBF-B859EB8CD8B5} = {952E520F-9EB5-3C07-BF7D-57DE5EF04D19}
		{EAA3CCCE-02BB-37E0-8883-698EBC15701E} = {952E520F-9EB5-3C07-BF7D-57DE5EF04D19}
	EndGlobalSection
	GlobalSection(ExtensibilityGlobals) = postSolution
		SolutionGuid = {FD7C7AB1-72AD-362B-812A-9BAD673F59FD}
	EndGlobalSection
	GlobalSection(ExtensibilityAddIns) = postSolution
	EndGlobalSection
EndGlobal
