<?xml version="1.0" encoding="utf-8"?>
<Project ToolsVersion="17.0" xmlns="http://schemas.microsoft.com/developer/msbuild/2003">
  <ItemGroup>
    <CustomBuild Include="C:\Users\User\Documents\trae_projects\OpenVoxTuner\build-tests\CMakeFiles\60717eefddd476c7fccdc7e35bfc06d3\INSTALL_force.rule">
      <Filter>CMake Rules</Filter>
    </CustomBuild>
  </ItemGroup>
  <ItemGroup>
    <Filter Include="CMake Rules">
      <UniqueIdentifier>{EB670E24-BBDA-3769-9700-E75123FC259B}</UniqueIdentifier>
    </Filter>
  </ItemGroup>
</Project>
