<?xml version="1.0" encoding="utf-8"?>
<Project ToolsVersion="17.0" xmlns="http://schemas.microsoft.com/developer/msbuild/2003">
  <ItemGroup>
    <ClCompile Include="C:\JUCE\modules\juce_audio_plugin_client\VST3\juce_VST3ManifestHelper.cpp">
      <Filter>Source Files</Filter>
    </ClCompile>
  </ItemGroup>
  <ItemGroup>
    <CustomBuild Include="C:\Users\User\Documents\trae_projects\OpenVoxTuner\CMakeLists.txt" />
  </ItemGroup>
  <ItemGroup>
    <Filter Include="Source Files">
      <UniqueIdentifier>{C30AE8F9-A44C-3104-9F96-633DF32FC147}</UniqueIdentifier>
    </Filter>
  </ItemGroup>
</Project>
