
Microsoft Visual Studio Solution File, Format Version 12.00
# Visual Studio Version 17
Project("{2150E333-8FDC-42A3-9474-1A3956D46DE8}") = "CMakePredefinedTargets", "CMakePredefinedTargets", "{B8D868A0-D7E4-388C-B4EE-9984EB0F3D68}"
EndProject
Project("{2150E333-8FDC-42A3-9474-1A3956D46DE8}") = "OpenVoxKey", "OpenVoxKey", "{791F1BEE-1130-3907-B582-5B77ACC8DEA4}"
EndProject
Project("{2150E333-8FDC-42A3-9474-1A3956D46DE8}") = "OpenVoxTuner", "OpenVoxTuner", "{73B934B8-BFDF-37E3-8EE6-DDA1366C7606}"
EndProject
Project("{8BC9CEB8-8B4A-11D0-8D11-00A0C91BC942}") = "ALL_BUILD", "ALL_BUILD.vcxproj", "{64E31050-28AD-3086-98D9-F1EE51B50FC3}"
	ProjectSection(ProjectDependencies) = postProject
		{85370C6D-4AD6-3D8E-ADD2-E382147E0517} = {85370C6D-4AD6-3D8E-ADD2-E382147E0517}
		{9F0E26D7-3D3A-3D52-B4CD-F048F8EA054C} = {9F0E26D7-3D3A-3D52-B4CD-F048F8EA054C}
		{E4BBFD80-D49E-3BF2-B181-71935A60F402} = {E4BBFD80-D49E-3BF2-B181-71935A60F402}
		{D007F849-5D8A-3816-9962-D3EA20619AD4} = {D007F849-5D8A-3816-9962-D3EA20619AD4}
		{5C68C66D-C8AB-3D3D-A291-81E8ED1E5F6D} = {5C68C66D-C8AB-3D3D-A291-81E8ED1E5F6D}
		{A8516911-6E54-38CA-8DE4-B5FB9481DFAE} = {A8516911-6E54-38CA-8DE4-B5FB9481DFAE}
		{E7FDCC25-1C39-35AF-AEDE-8C1E73C7CEBA} = {E7FDCC25-1C39-35AF-AEDE-8C1E73C7CEBA}
		{877C7A8D-1104-3893-9B4D-3D46DF1E46AA} = {877C7A8D-1104-3893-9B4D-3D46DF1E46AA}
		{9840FCE6-40DE-308B-8B67-01858DA49A7F} = {9840FCE6-40DE-308B-8B67-01858DA49A7F}
		{ED77FC87-9AE3-3FE0-9367-57C45D99FFEB} = {ED77FC87-9AE3-3FE0-9367-57C45D99FFEB}
		{5B1318F1-A099-3A83-9AB5-72B944AFF9D6} = {5B1318F1-A099-3A83-9AB5-72B944AFF9D6}
		{E573230F-7C2E-38B1-A0C0-D9D1BAE19B40} = {E573230F-7C2E-38B1-A0C0-D9D1BAE19B40}
	EndProjectSection
EndProject
Project("{8BC9CEB8-8B4A-11D0-8D11-00A0C91BC942}") = "INSTALL", "INSTALL.vcxproj", "{B31DF1FF-5D2F-3C04-A1A4-031DEEC19FFA}"
	ProjectSection(ProjectDependencies) = postProject
		{64E31050-28AD-3086-98D9-F1EE51B50FC3} = {64E31050-28AD-3086-98D9-F1EE51B50FC3}
		{E573230F-7C2E-38B1-A0C0-D9D1BAE19B40} = {E573230F-7C2E-38B1-A0C0-D9D1BAE19B40}
	EndProjectSection
EndProject
Project("{8BC9CEB8-8B4A-11D0-8D11-00A0C91BC942}") = "OpenVoxKey", "OpenVoxKey.vcxproj", "{85370C6D-4AD6-3D8E-ADD2-E382147E0517}"
	ProjectSection(ProjectDependencies) = postProject
		{E573230F-7C2E-38B1-A0C0-D9D1BAE19B40} = {E573230F-7C2E-38B1-A0C0-D9D1BAE19B40}
	EndProjectSection
EndProject
Project("{8BC9CEB8-8B4A-11D0-8D11-00A0C91BC942}") = "OpenVoxKey_All", "OpenVoxKey_All.vcxproj", "{EF9586BD-C3BC-3295-A447-0F6743AF0B4D}"
	ProjectSection(ProjectDependencies) = postProject
		{9F0E26D7-3D3A-3D52-B4CD-F048F8EA054C} = {9F0E26D7-3D3A-3D52-B4CD-F048F8EA054C}
		{E573230F-7C2E-38B1-A0C0-D9D1BAE19B40} = {E573230F-7C2E-38B1-A0C0-D9D1BAE19B40}
	EndProjectSection
EndProject
Project("{8BC9CEB8-8B4A-11D0-8D11-00A0C91BC942}") = "OpenVoxKey_VST3", "OpenVoxKey_VST3.vcxproj", "{9F0E26D7-3D3A-3D52-B4CD-F048F8EA054C}"
	ProjectSection(ProjectDependencies) = postProject
		{85370C6D-4AD6-3D8E-ADD2-E382147E0517} = {85370C6D-4AD6-3D8E-ADD2-E382147E0517}
		{E4BBFD80-D49E-3BF2-B181-71935A60F402} = {E4BBFD80-D49E-3BF2-B181-71935A60F402}
		{D007F849-5D8A-3816-9962-D3EA20619AD4} = {D007F849-5D8A-3816-9962-D3EA20619AD4}
		{E573230F-7C2E-38B1-A0C0-D9D1BAE19B40} = {E573230F-7C2E-38B1-A0C0-D9D1BAE19B40}
	EndProjectSection
EndProject
Project("{8BC9CEB8-8B4A-11D0-8D11-00A0C91BC942}") = "OpenVoxKey_rc_lib", "OpenVoxKey_rc_lib.vcxproj", "{E4BBFD80-D49E-3BF2-B181-71935A60F402}"
	ProjectSection(ProjectDependencies) = postProject
		{E573230F-7C2E-38B1-A0C0-D9D1BAE19B40} = {E573230F-7C2E-38B1-A0C0-D9D1BAE19B40}
	EndProjectSection
EndProject
Project("{8BC9CEB8-8B4A-11D0-8D11-00A0C91BC942}") = "OpenVoxKey_vst3_helper", "OpenVoxKey_vst3_helper.vcxproj", "{D007F849-5D8A-3816-9962-D3EA20619AD4}"
	ProjectSection(ProjectDependencies) = postProject
		{E573230F-7C2E-38B1-A0C0-D9D1BAE19B40} = {E573230F-7C2E-38B1-A0C0-D9D1BAE19B40}
	EndProjectSection
EndProject
Project("{8BC9CEB8-8B4A-11D0-8D11-00A0C91BC942}") = "OpenVoxTuner", "OpenVoxTuner.vcxproj", "{5C68C66D-C8AB-3D3D-A291-81E8ED1E5F6D}"
	ProjectSection(ProjectDependencies) = postProject
		{E573230F-7C2E-38B1-A0C0-D9D1BAE19B40} = {E573230F-7C2E-38B1-A0C0-D9D1BAE19B40}
	EndProjectSection
EndProject
Project("{8BC9CEB8-8B4A-11D0-8D11-00A0C91BC942}") = "OpenVoxTunerTests", "OpenVoxTunerTests.vcxproj", "{A8516911-6E54-38CA-8DE4-B5FB9481DFAE}"
	ProjectSection(ProjectDependencies) = postProject
		{E7FDCC25-1C39-35AF-AEDE-8C1E73C7CEBA} = {E7FDCC25-1C39-35AF-AEDE-8C1E73C7CEBA}
		{E573230F-7C2E-38B1-A0C0-D9D1BAE19B40} = {E573230F-7C2E-38B1-A0C0-D9D1BAE19B40}
	EndProjectSection
EndProject
Project("{8BC9CEB8-8B4A-11D0-8D11-00A0C91BC942}") = "OpenVoxTunerTests_rc_lib", "OpenVoxTunerTests_rc_lib.vcxproj", "{E7FDCC25-1C39-35AF-AEDE-8C1E73C7CEBA}"
	ProjectSection(ProjectDependencies) = postProject
		{E573230F-7C2E-38B1-A0C0-D9D1BAE19B40} = {E573230F-7C2E-38B1-A0C0-D9D1BAE19B40}
	EndProjectSection
EndProject
Project("{8BC9CEB8-8B4A-11D0-8D11-00A0C91BC942}") = "OpenVoxTuner_All", "OpenVoxTuner_All.vcxproj", "{07ABC13C-F16E-35D4-9B4A-3130EE5BA643}"
	ProjectSection(ProjectDependencies) = postProject
		{877C7A8D-1104-3893-9B4D-3D46DF1E46AA} = {877C7A8D-1104-3893-9B4D-3D46DF1E46AA}
		{9840FCE6-40DE-308B-8B67-01858DA49A7F} = {9840FCE6-40DE-308B-8B67-01858DA49A7F}
		{E573230F-7C2E-38B1-A0C0-D9D1BAE19B40} = {E573230F-7C2E-38B1-A0C0-D9D1BAE19B40}
	EndProjectSection
EndProject
Project("{8BC9CEB8-8B4A-11D0-8D11-00A0C91BC942}") = "OpenVoxTuner_Standalone", "OpenVoxTuner_Standalone.vcxproj", "{877C7A8D-1104-3893-9B4D-3D46DF1E46AA}"
	ProjectSection(ProjectDependencies) = postProject
		{5C68C66D-C8AB-3D3D-A291-81E8ED1E5F6D} = {5C68C66D-C8AB-3D3D-A291-81E8ED1E5F6D}
		{ED77FC87-9AE3-3FE0-9367-57C45D99FFEB} = {ED77FC87-9AE3-3FE0-9367-57C45D99FFEB}
		{E573230F-7C2E-38B1-A0C0-D9D1BAE19B40} = {E573230F-7C2E-38B1-A0C0-D9D1BAE19B40}
	EndProjectSection
EndProject
Project("{8BC9CEB8-8B4A-11D0-8D11-00A0C91BC942}") = "OpenVoxTuner_VST3", "OpenVoxTuner_VST3.vcxproj", "{9840FCE6-40DE-308B-8B67-01858DA49A7F}"
	ProjectSection(ProjectDependencies) = postProject
		{5C68C66D-C8AB-3D3D-A291-81E8ED1E5F6D} = {5C68C66D-C8AB-3D3D-A291-81E8ED1E5F6D}
		{ED77FC87-9AE3-3FE0-9367-57C45D99FFEB} = {ED77FC87-9AE3-3FE0-9367-57C45D99FFEB}
		{5B1318F1-A099-3A83-9AB5-72B944AFF9D6} = {5B1318F1-A099-3A83-9AB5-72B944AFF9D6}
		{E573230F-7C2E-38B1-A0C0-D9D1BAE19B40} = {E573230F-7C2E-38B1-A0C0-D9D1BAE19B40}
	EndProjectSection
EndProject
Project("{8BC9CEB8-8B4A-11D0-8D11-00A0C91BC942}") = "OpenVoxTuner_rc_lib", "OpenVoxTuner_rc_lib.vcxproj", "{ED77FC87-9AE3-3FE0-9367-57C45D99FFEB}"
	ProjectSection(ProjectDependencies) = postProject
		{E573230F-7C2E-38B1-A0C0-D9D1BAE19B40} = {E573230F-7C2E-38B1-A0C0-D9D1BAE19B40}
	EndProjectSection
EndProject
Project("{8BC9CEB8-8B4A-11D0-8D11-00A0C91BC942}") = "OpenVoxTuner_vst3_helper", "OpenVoxTuner_vst3_helper.vcxproj", "{5B1318F1-A099-3A83-9AB5-72B944AFF9D6}"
	ProjectSection(ProjectDependencies) = postProject
		{E573230F-7C2E-38B1-A0C0-D9D1BAE19B40} = {E573230F-7C2E-38B1-A0C0-D9D1BAE19B40}
	EndProjectSection
EndProject
Project("{8BC9CEB8-8B4A-11D0-8D11-00A0C91BC942}") = "ZERO_CHECK", "ZERO_CHECK.vcxproj", "{E573230F-7C2E-38B1-A0C0-D9D1BAE19B40}"
	ProjectSection(ProjectDependencies) = postProject
	EndProjectSection
EndProject
Global
	GlobalSection(SolutionConfigurationPlatforms) = preSolution
		Debug|x64 = Debug|x64
		Release|x64 = Release|x64
		MinSizeRel|x64 = MinSizeRel|x64
		RelWithDebInfo|x64 = RelWithDebInfo|x64
	EndGlobalSection
	GlobalSection(ProjectConfigurationPlatforms) = postSolution
		{64E31050-28AD-3086-98D9-F1EE51B50FC3}.Debug|x64.ActiveCfg = Debug|x64
		{64E31050-28AD-3086-98D9-F1EE51B50FC3}.Debug|x64.Build.0 = Debug|x64
		{64E31050-28AD-3086-98D9-F1EE51B50FC3}.Release|x64.ActiveCfg = Release|x64
		{64E31050-28AD-3086-98D9-F1EE51B50FC3}.Release|x64.Build.0 = Release|x64
		{64E31050-28AD-3086-98D9-F1EE51B50FC3}.MinSizeRel|x64.ActiveCfg = MinSizeRel|x64
		{64E31050-28AD-3086-98D9-F1EE51B50FC3}.MinSizeRel|x64.Build.0 = MinSizeRel|x64
		{64E31050-28AD-3086-98D9-F1EE51B50FC3}.RelWithDebInfo|x64.ActiveCfg = RelWithDebInfo|x64
		{64E31050-28AD-3086-98D9-F1EE51B50FC3}.RelWithDebInfo|x64.Build.0 = RelWithDebInfo|x64
		{B31DF1FF-5D2F-3C04-A1A4-031DEEC19FFA}.Debug|x64.ActiveCfg = Debug|x64
		{B31DF1FF-5D2F-3C04-A1A4-031DEEC19FFA}.Release|x64.ActiveCfg = Release|x64
		{B31DF1FF-5D2F-3C04-A1A4-031DEEC19FFA}.MinSizeRel|x64.ActiveCfg = MinSizeRel|x64
		{B31DF1FF-5D2F-3C04-A1A4-031DEEC19FFA}.RelWithDebInfo|x64.ActiveCfg = RelWithDebInfo|x64
		{85370C6D-4AD6-3D8E-ADD2-E382147E0517}.Debug|x64.ActiveCfg = Debug|x64
		{85370C6D-4AD6-3D8E-ADD2-E382147E0517}.Debug|x64.Build.0 = Debug|x64
		{85370C6D-4AD6-3D8E-ADD2-E382147E0517}.Release|x64.ActiveCfg = Release|x64
		{85370C6D-4AD6-3D8E-ADD2-E382147E0517}.Release|x64.Build.0 = Release|x64
		{85370C6D-4AD6-3D8E-ADD2-E382147E0517}.MinSizeRel|x64.ActiveCfg = MinSizeRel|x64
		{85370C6D-4AD6-3D8E-ADD2-E382147E0517}.MinSizeRel|x64.Build.0 = MinSizeRel|x64
		{85370C6D-4AD6-3D8E-ADD2-E382147E0517}.RelWithDebInfo|x64.ActiveCfg = RelWithDebInfo|x64
		{85370C6D-4AD6-3D8E-ADD2-E382147E0517}.RelWithDebInfo|x64.Build.0 = RelWithDebInfo|x64
		{EF9586BD-C3BC-3295-A447-0F6743AF0B4D}.Debug|x64.ActiveCfg = Debug|x64
		{EF9586BD-C3BC-3295-A447-0F6743AF0B4D}.Release|x64.ActiveCfg = Release|x64
		{EF9586BD-C3BC-3295-A447-0F6743AF0B4D}.MinSizeRel|x64.ActiveCfg = MinSizeRel|x64
		{EF9586BD-C3BC-3295-A447-0F6743AF0B4D}.RelWithDebInfo|x64.ActiveCfg = RelWithDebInfo|x64
		{9F0E26D7-3D3A-3D52-B4CD-F048F8EA054C}.Debug|x64.ActiveCfg = Debug|x64
		{9F0E26D7-3D3A-3D52-B4CD-F048F8EA054C}.Debug|x64.Build.0 = Debug|x64
		{9F0E26D7-3D3A-3D52-B4CD-F048F8EA054C}.Release|x64.ActiveCfg = Release|x64
		{9F0E26D7-3D3A-3D52-B4CD-F048F8EA054C}.Release|x64.Build.0 = Release|x64
		{9F0E26D7-3D3A-3D52-B4CD-F048F8EA054C}.MinSizeRel|x64.ActiveCfg = MinSizeRel|x64
		{9F0E26D7-3D3A-3D52-B4CD-F048F8EA054C}.MinSizeRel|x64.Build.0 = MinSizeRel|x64
		{9F0E26D7-3D3A-3D52-B4CD-F048F8EA054C}.RelWithDebInfo|x64.ActiveCfg = RelWithDebInfo|x64
		{9F0E26D7-3D3A-3D52-B4CD-F048F8EA054C}.RelWithDebInfo|x64.Build.0 = RelWithDebInfo|x64
		{E4BBFD80-D49E-3BF2-B181-71935A60F402}.Debug|x64.ActiveCfg = Debug|x64
		{E4BBFD80-D49E-3BF2-B181-71935A60F402}.Debug|x64.Build.0 = Debug|x64
		{E4BBFD80-D49E-3BF2-B181-71935A60F402}.Release|x64.ActiveCfg = Release|x64
		{E4BBFD80-D49E-3BF2-B181-71935A60F402}.Release|x64.Build.0 = Release|x64
		{E4BBFD80-D49E-3BF2-B181-71935A60F402}.MinSizeRel|x64.ActiveCfg = MinSizeRel|x64
		{E4BBFD80-D49E-3BF2-B181-71935A60F402}.MinSizeRel|x64.Build.0 = MinSizeRel|x64
		{E4BBFD80-D49E-3BF2-B181-71935A60F402}.RelWithDebInfo|x64.ActiveCfg = RelWithDebInfo|x64
		{E4BBFD80-D49E-3BF2-B181-71935A60F402}.RelWithDebInfo|x64.Build.0 = RelWithDebInfo|x64
		{D007F849-5D8A-3816-9962-D3EA20619AD4}.Debug|x64.ActiveCfg = Debug|x64
		{D007F849-5D8A-3816-9962-D3EA20619AD4}.Debug|x64.Build.0 = Debug|x64
		{D007F849-5D8A-3816-9962-D3EA20619AD4}.Release|x64.ActiveCfg = Release|x64
		{D007F849-5D8A-3816-9962-D3EA20619AD4}.Release|x64.Build.0 = Release|x64
		{D007F849-5D8A-3816-9962-D3EA20619AD4}.MinSizeRel|x64.ActiveCfg = MinSizeRel|x64
		{D007F849-5D8A-3816-9962-D3EA20619AD4}.MinSizeRel|x64.Build.0 = MinSizeRel|x64
		{D007F849-5D8A-3816-9962-D3EA20619AD4}.RelWithDebInfo|x64.ActiveCfg = RelWithDebInfo|x64
		{D007F849-5D8A-3816-9962-D3EA20619AD4}.RelWithDebInfo|x64.Build.0 = RelWithDebInfo|x64
		{5C68C66D-C8AB-3D3D-A291-81E8ED1E5F6D}.Debug|x64.ActiveCfg = Debug|x64
		{5C68C66D-C8AB-3D3D-A291-81E8ED1E5F6D}.Debug|x64.Build.0 = Debug|x64
		{5C68C66D-C8AB-3D3D-A291-81E8ED1E5F6D}.Release|x64.ActiveCfg = Release|x64
		{5C68C66D-C8AB-3D3D-A291-81E8ED1E5F6D}.Release|x64.Build.0 = Release|x64
		{5C68C66D-C8AB-3D3D-A291-81E8ED1E5F6D}.MinSizeRel|x64.ActiveCfg = MinSizeRel|x64
		{5C68C66D-C8AB-3D3D-A291-81E8ED1E5F6D}.MinSizeRel|x64.Build.0 = MinSizeRel|x64
		{5C68C66D-C8AB-3D3D-A291-81E8ED1E5F6D}.RelWithDebInfo|x64.ActiveCfg = RelWithDebInfo|x64
		{5C68C66D-C8AB-3D3D-A291-81E8ED1E5F6D}.RelWithDebInfo|x64.Build.0 = RelWithDebInfo|x64
		{A8516911-6E54-38CA-8DE4-B5FB9481DFAE}.Debug|x64.ActiveCfg = Debug|x64
		{A8516911-6E54-38CA-8DE4-B5FB9481DFAE}.Debug|x64.Build.0 = Debug|x64
		{A8516911-6E54-38CA-8DE4-B5FB9481DFAE}.Release|x64.ActiveCfg = Release|x64
		{A8516911-6E54-38CA-8DE4-B5FB9481DFAE}.Release|x64.Build.0 = Release|x64
		{A8516911-6E54-38CA-8DE4-B5FB9481DFAE}.MinSizeRel|x64.ActiveCfg = MinSizeRel|x64
		{A8516911-6E54-38CA-8DE4-B5FB9481DFAE}.MinSizeRel|x64.Build.0 = MinSizeRel|x64
		{A8516911-6E54-38CA-8DE4-B5FB9481DFAE}.RelWithDebInfo|x64.ActiveCfg = RelWithDebInfo|x64
		{A8516911-6E54-38CA-8DE4-B5FB9481DFAE}.RelWithDebInfo|x64.Build.0 = RelWithDebInfo|x64
		{E7FDCC25-1C39-35AF-AEDE-8C1E73C7CEBA}.Debug|x64.ActiveCfg = Debug|x64
		{E7FDCC25-1C39-35AF-AEDE-8C1E73C7CEBA}.Debug|x64.Build.0 = Debug|x64
		{E7FDCC25-1C39-35AF-AEDE-8C1E73C7CEBA}.Release|x64.ActiveCfg = Release|x64
		{E7FDCC25-1C39-35AF-AEDE-8C1E73C7CEBA}.Release|x64.Build.0 = Release|x64
		{E7FDCC25-1C39-35AF-AEDE-8C1E73C7CEBA}.MinSizeRel|x64.ActiveCfg = MinSizeRel|x64
		{E7FDCC25-1C39-35AF-AEDE-8C1E73C7CEBA}.MinSizeRel|x64.Build.0 = MinSizeRel|x64
		{E7FDCC25-1C39-35AF-AEDE-8C1E73C7CEBA}.RelWithDebInfo|x64.ActiveCfg = RelWithDebInfo|x64
		{E7FDCC25-1C39-35AF-AEDE-8C1E73C7CEBA}.RelWithDebInfo|x64.Build.0 = RelWithDebInfo|x64
		{07ABC13C-F16E-35D4-9B4A-3130EE5BA643}.Debug|x64.ActiveCfg = Debug|x64
		{07ABC13C-F16E-35D4-9B4A-3130EE5BA643}.Release|x64.ActiveCfg = Release|x64
		{07ABC13C-F16E-35D4-9B4A-3130EE5BA643}.MinSizeRel|x64.ActiveCfg = MinSizeRel|x64
		{07ABC13C-F16E-35D4-9B4A-3130EE5BA643}.RelWithDebInfo|x64.ActiveCfg = RelWithDebInfo|x64
		{877C7A8D-1104-3893-9B4D-3D46DF1E46AA}.Debug|x64.ActiveCfg = Debug|x64
		{877C7A8D-1104-3893-9B4D-3D46DF1E46AA}.Debug|x64.Build.0 = Debug|x64
		{877C7A8D-1104-3893-9B4D-3D46DF1E46AA}.Release|x64.ActiveCfg = Release|x64
		{877C7A8D-1104-3893-9B4D-3D46DF1E46AA}.Release|x64.Build.0 = Release|x64
		{877C7A8D-1104-3893-9B4D-3D46DF1E46AA}.MinSizeRel|x64.ActiveCfg = MinSizeRel|x64
		{877C7A8D-1104-3893-9B4D-3D46DF1E46AA}.MinSizeRel|x64.Build.0 = MinSizeRel|x64
		{877C7A8D-1104-3893-9B4D-3D46DF1E46AA}.RelWithDebInfo|x64.ActiveCfg = RelWithDebInfo|x64
		{877C7A8D-1104-3893-9B4D-3D46DF1E46AA}.RelWithDebInfo|x64.Build.0 = RelWithDebInfo|x64
		{9840FCE6-40DE-308B-8B67-01858DA49A7F}.Debug|x64.ActiveCfg = Debug|x64
		{9840FCE6-40DE-308B-8B67-01858DA49A7F}.Debug|x64.Build.0 = Debug|x64
		{9840FCE6-40DE-308B-8B67-01858DA49A7F}.Release|x64.ActiveCfg = Release|x64
		{9840FCE6-40DE-308B-8B67-01858DA49A7F}.Release|x64.Build.0 = Release|x64
		{9840FCE6-40DE-308B-8B67-01858DA49A7F}.MinSizeRel|x64.ActiveCfg = MinSizeRel|x64
		{9840FCE6-40DE-308B-8B67-01858DA49A7F}.MinSizeRel|x64.Build.0 = MinSizeRel|x64
		{9840FCE6-40DE-308B-8B67-01858DA49A7F}.RelWithDebInfo|x64.ActiveCfg = RelWithDebInfo|x64
		{9840FCE6-40DE-308B-8B67-01858DA49A7F}.RelWithDebInfo|x64.Build.0 = RelWithDebInfo|x64
		{ED77FC87-9AE3-3FE0-9367-57C45D99FFEB}.Debug|x64.ActiveCfg = Debug|x64
		{ED77FC87-9AE3-3FE0-9367-57C45D99FFEB}.Debug|x64.Build.0 = Debug|x64
		{ED77FC87-9AE3-3FE0-9367-57C45D99FFEB}.Release|x64.ActiveCfg = Release|x64
		{ED77FC87-9AE3-3FE0-9367-57C45D99FFEB}.Release|x64.Build.0 = Release|x64
		{ED77FC87-9AE3-3FE0-9367-57C45D99FFEB}.MinSizeRel|x64.ActiveCfg = MinSizeRel|x64
		{ED77FC87-9AE3-3FE0-9367-57C45D99FFEB}.MinSizeRel|x64.Build.0 = MinSizeRel|x64
		{ED77FC87-9AE3-3FE0-9367-57C45D99FFEB}.RelWithDebInfo|x64.ActiveCfg = RelWithDebInfo|x64
		{ED77FC87-9AE3-3FE0-9367-57C45D99FFEB}.RelWithDebInfo|x64.Build.0 = RelWithDebInfo|x64
		{5B1318F1-A099-3A83-9AB5-72B944AFF9D6}.Debug|x64.ActiveCfg = Debug|x64
		{5B1318F1-A099-3A83-9AB5-72B944AFF9D6}.Debug|x64.Build.0 = Debug|x64
		{5B1318F1-A099-3A83-9AB5-72B944AFF9D6}.Release|x64.ActiveCfg = Release|x64
		{5B1318F1-A099-3A83-9AB5-72B944AFF9D6}.Release|x64.Build.0 = Release|x64
		{5B1318F1-A099-3A83-9AB5-72B944AFF9D6}.MinSizeRel|x64.ActiveCfg = MinSizeRel|x64
		{5B1318F1-A099-3A83-9AB5-72B944AFF9D6}.MinSizeRel|x64.Build.0 = MinSizeRel|x64
		{5B1318F1-A099-3A83-9AB5-72B944AFF9D6}.RelWithDebInfo|x64.ActiveCfg = RelWithDebInfo|x64
		{5B1318F1-A099-3A83-9AB5-72B944AFF9D6}.RelWithDebInfo|x64.Build.0 = RelWithDebInfo|x64
		{E573230F-7C2E-38B1-A0C0-D9D1BAE19B40}.Debug|x64.ActiveCfg = Debug|x64
		{E573230F-7C2E-38B1-A0C0-D9D1BAE19B40}.Debug|x64.Build.0 = Debug|x64
		{E573230F-7C2E-38B1-A0C0-D9D1BAE19B40}.Release|x64.ActiveCfg = Release|x64
		{E573230F-7C2E-38B1-A0C0-D9D1BAE19B40}.Release|x64.Build.0 = Release|x64
		{E573230F-7C2E-38B1-A0C0-D9D1BAE19B40}.MinSizeRel|x64.ActiveCfg = MinSizeRel|x64
		{E573230F-7C2E-38B1-A0C0-D9D1BAE19B40}.MinSizeRel|x64.Build.0 = MinSizeRel|x64
		{E573230F-7C2E-38B1-A0C0-D9D1BAE19B40}.RelWithDebInfo|x64.ActiveCfg = RelWithDebInfo|x64
		{E573230F-7C2E-38B1-A0C0-D9D1BAE19B40}.RelWithDebInfo|x64.Build.0 = RelWithDebInfo|x64
	EndGlobalSection
	GlobalSection(NestedProjects) = preSolution
		{64E31050-28AD-3086-98D9-F1EE51B50FC3} = {B8D868A0-D7E4-388C-B4EE-9984EB0F3D68}
		{B31DF1FF-5D2F-3C04-A1A4-031DEEC19FFA} = {B8D868A0-D7E4-388C-B4EE-9984EB0F3D68}
		{E573230F-7C2E-38B1-A0C0-D9D1BAE19B40} = {B8D868A0-D7E4-388C-B4EE-9984EB0F3D68}
		{85370C6D-4AD6-3D8E-ADD2-E382147E0517} = {791F1BEE-1130-3907-B582-5B77ACC8DEA4}
		{EF9586BD-C3BC-3295-A447-0F6743AF0B4D} = {791F1BEE-1130-3907-B582-5B77ACC8DEA4}
		{9F0E26D7-3D3A-3D52-B4CD-F048F8EA054C} = {791F1BEE-1130-3907-B582-5B77ACC8DEA4}
		{5C68C66D-C8AB-3D3D-A291-81E8ED1E5F6D} = {73B934B8-BFDF-37E3-8EE6-DDA1366C7606}
		{07ABC13C-F16E-35D4-9B4A-3130EE5BA643} = {73B934B8-BFDF-37E3-8EE6-DDA1366C7606}
		{877C7A8D-1104-3893-9B4D-3D46DF1E46AA} = {73B934B8-BFDF-37E3-8EE6-DDA1366C7606}
		{9840FCE6-40DE-308B-8B67-01858DA49A7F} = {73B934B8-BFDF-37E3-8EE6-DDA1366C7606}
	EndGlobalSection
	GlobalSection(ExtensibilityGlobals) = postSolution
		SolutionGuid = {DF07C0A2-1F7F-313B-B225-16426DDECCFC}
	EndGlobalSection
	GlobalSection(ExtensibilityAddIns) = postSolution
	EndGlobalSection
EndGlobal
