<?xml version="1.0" encoding="utf-8"?>
<Project ToolsVersion="17.0" xmlns="http://schemas.microsoft.com/developer/msbuild/2003">
  <ItemGroup>
    <CustomBuild Include="C:\Users\User\Documents\trae_projects\OpenVoxTuner\build-test\_juce_build\tools\CMakeFiles\f08a8e742894e5121715fa3e15ec882f\INSTALL_force.rule">
      <Filter>CMake Rules</Filter>
    </CustomBuild>
  </ItemGroup>
  <ItemGroup>
    <Filter Include="CMake Rules">
      <UniqueIdentifier>{A88BD3E2-7220-37DF-B1C9-0F152F24F95D}</UniqueIdentifier>
    </Filter>
  </ItemGroup>
</Project>
