
Microsoft Visual Studio Solution File, Format Version 12.00
# Visual Studio Version 17
Project("{2150E333-8FDC-42A3-9474-1A3956D46DE8}") = "CMakePredefinedTargets", "CMakePredefinedTargets", "{E6EBAEB1-BB48-3A32-A61E-A477C902D382}"
EndProject
Project("{8BC9CEB8-8B4A-11D0-8D11-00A0C91BC942}") = "ALL_BUILD", "ALL_BUILD.vcxproj", "{CFA3F38F-2206-3AD9-BB88-D46218C3B54F}"
	ProjectSection(ProjectDependencies) = postProject
		{8C309828-A734-387D-BA1F-0160DA73CAB6} = {8C309828-A734-387D-BA1F-0160DA73CAB6}
		{213B940E-F364-3539-985F-DD2E6E2451D3} = {213B940E-F364-3539-985F-DD2E6E2451D3}
	EndProjectSection
EndProject
Project("{8BC9CEB8-8B4A-11D0-8D11-00A0C91BC942}") = "INSTALL", "INSTALL.vcxproj", "{09287766-1F38-3D5F-A00E-E1BFA043123E}"
	ProjectSection(ProjectDependencies) = postProject
		{CFA3F38F-2206-3AD9-BB88-D46218C3B54F} = {CFA3F38F-2206-3AD9-BB88-D46218C3B54F}
		{8C309828-A734-387D-BA1F-0160DA73CAB6} = {8C309828-A734-387D-BA1F-0160DA73CAB6}
	EndProjectSection
EndProject
Project("{8BC9CEB8-8B4A-11D0-8D11-00A0C91BC942}") = "ZERO_CHECK", "ZERO_CHECK.vcxproj", "{8C309828-A734-387D-BA1F-0160DA73CAB6}"
	ProjectSection(ProjectDependencies) = postProject
	EndProjectSection
EndProject
Project("{8BC9CEB8-8B4A-11D0-8D11-00A0C91BC942}") = "juceaide", "extras\Build\juceaide\juceaide.vcxproj", "{213B940E-F364-3539-985F-DD2E6E2451D3}"
	ProjectSection(ProjectDependencies) = postProject
		{8C309828-A734-387D-BA1F-0160DA73CAB6} = {8C309828-A734-387D-BA1F-0160DA73CAB6}
	EndProjectSection
EndProject
Global
	GlobalSection(SolutionConfigurationPlatforms) = preSolution
		Custom|x64 = Custom|x64
	EndGlobalSection
	GlobalSection(ProjectConfigurationPlatforms) = postSolution
		{CFA3F38F-2206-3AD9-BB88-D46218C3B54F}.Custom|x64.ActiveCfg = Custom|x64
		{CFA3F38F-2206-3AD9-BB88-D46218C3B54F}.Custom|x64.Build.0 = Custom|x64
		{09287766-1F38-3D5F-A00E-E1BFA043123E}.Custom|x64.ActiveCfg = Custom|x64
		{8C309828-A734-387D-BA1F-0160DA73CAB6}.Custom|x64.ActiveCfg = Custom|x64
		{8C309828-A734-387D-BA1F-0160DA73CAB6}.Custom|x64.Build.0 = Custom|x64
		{213B940E-F364-3539-985F-DD2E6E2451D3}.Custom|x64.ActiveCfg = Custom|x64
		{213B940E-F364-3539-985F-DD2E6E2451D3}.Custom|x64.Build.0 = Custom|x64
	EndGlobalSection
	GlobalSection(NestedProjects) = preSolution
		{CFA3F38F-2206-3AD9-BB88-D46218C3B54F} = {E6EBAEB1-BB48-3A32-A61E-A477C902D382}
		{09287766-1F38-3D5F-A00E-E1BFA043123E} = {E6EBAEB1-BB48-3A32-A61E-A477C902D382}
		{8C309828-A734-387D-BA1F-0160DA73CAB6} = {E6EBAEB1-BB48-3A32-A61E-A477C902D382}
	EndGlobalSection
	GlobalSection(ExtensibilityGlobals) = postSolution
		SolutionGuid = {5768C39A-0E81-3821-AA62-3FE37C80FB2B}
	EndGlobalSection
	GlobalSection(ExtensibilityAddIns) = postSolution
	EndGlobalSection
EndGlobal
