
Microsoft Visual Studio Solution File, Format Version 12.00
# Visual Studio Version 17
Project("{2150E333-8FDC-42A3-9474-1A3956D46DE8}") = "CMakePredefinedTargets", "CMakePredefinedTargets", "{1DDC2BE4-4520-3B29-9D50-920657E59B52}"
EndProject
Project("{8BC9CEB8-8B4A-11D0-8D11-00A0C91BC942}") = "ALL_BUILD", "ALL_BUILD.vcxproj", "{1F9AF362-4985-37CB-A18F-EFC572E0997A}"
	ProjectSection(ProjectDependencies) = postProject
		{2356E8E6-1EBD-3DF8-9A59-AC86EAE503B8} = {2356E8E6-1EBD-3DF8-9A59-AC86EAE503B8}
	EndProjectSection
EndProject
Project("{8BC9CEB8-8B4A-11D0-8D11-00A0C91BC942}") = "INSTALL", "INSTALL.vcxproj", "{B422E3DD-5431-304E-9F5E-0E12EA7BA6F6}"
	ProjectSection(ProjectDependencies) = postProject
		{1F9AF362-4985-37CB-A18F-EFC572E0997A} = {1F9AF362-4985-37CB-A18F-EFC572E0997A}
		{2356E8E6-1EBD-3DF8-9A59-AC86EAE503B8} = {2356E8E6-1EBD-3DF8-9A59-AC86EAE503B8}
	EndProjectSection
EndProject
Project("{8BC9CEB8-8B4A-11D0-8D11-00A0C91BC942}") = "ZERO_CHECK", "..\ZERO_CHECK.vcxproj", "{2356E8E6-1EBD-3DF8-9A59-AC86EAE503B8}"
	ProjectSection(ProjectDependencies) = postProject
	EndProjectSection
EndProject
Global
	GlobalSection(SolutionConfigurationPlatforms) = preSolution
		Debug|x64 = Debug|x64
		Release|x64 = Release|x64
		MinSizeRel|x64 = MinSizeRel|x64
		RelWithDebInfo|x64 = RelWithDebInfo|x64
	EndGlobalSection
	GlobalSection(ProjectConfigurationPlatforms) = postSolution
		{1F9AF362-4985-37CB-A18F-EFC572E0997A}.Debug|x64.ActiveCfg = Debug|x64
		{1F9AF362-4985-37CB-A18F-EFC572E0997A}.Debug|x64.Build.0 = Debug|x64
		{1F9AF362-4985-37CB-A18F-EFC572E0997A}.Release|x64.ActiveCfg = Release|x64
		{1F9AF362-4985-37CB-A18F-EFC572E0997A}.Release|x64.Build.0 = Release|x64
		{1F9AF362-4985-37CB-A18F-EFC572E0997A}.MinSizeRel|x64.ActiveCfg = MinSizeRel|x64
		{1F9AF362-4985-37CB-A18F-EFC572E0997A}.MinSizeRel|x64.Build.0 = MinSizeRel|x64
		{1F9AF362-4985-37CB-A18F-EFC572E0997A}.RelWithDebInfo|x64.ActiveCfg = RelWithDebInfo|x64
		{1F9AF362-4985-37CB-A18F-EFC572E0997A}.RelWithDebInfo|x64.Build.0 = RelWithDebInfo|x64
		{B422E3DD-5431-304E-9F5E-0E12EA7BA6F6}.Debug|x64.ActiveCfg = Debug|x64
		{B422E3DD-5431-304E-9F5E-0E12EA7BA6F6}.Release|x64.ActiveCfg = Release|x64
		{B422E3DD-5431-304E-9F5E-0E12EA7BA6F6}.MinSizeRel|x64.ActiveCfg = MinSizeRel|x64
		{B422E3DD-5431-304E-9F5E-0E12EA7BA6F6}.RelWithDebInfo|x64.ActiveCfg = RelWithDebInfo|x64
		{2356E8E6-1EBD-3DF8-9A59-AC86EAE503B8}.Debug|x64.ActiveCfg = Debug|x64
		{2356E8E6-1EBD-3DF8-9A59-AC86EAE503B8}.Debug|x64.Build.0 = Debug|x64
		{2356E8E6-1EBD-3DF8-9A59-AC86EAE503B8}.Release|x64.ActiveCfg = Release|x64
		{2356E8E6-1EBD-3DF8-9A59-AC86EAE503B8}.Release|x64.Build.0 = Release|x64
		{2356E8E6-1EBD-3DF8-9A59-AC86EAE503B8}.MinSizeRel|x64.ActiveCfg = MinSizeRel|x64
		{2356E8E6-1EBD-3DF8-9A59-AC86EAE503B8}.MinSizeRel|x64.Build.0 = MinSizeRel|x64
		{2356E8E6-1EBD-3DF8-9A59-AC86EAE503B8}.RelWithDebInfo|x64.ActiveCfg = RelWithDebInfo|x64
		{2356E8E6-1EBD-3DF8-9A59-AC86EAE503B8}.RelWithDebInfo|x64.Build.0 = RelWithDebInfo|x64
	EndGlobalSection
	GlobalSection(NestedProjects) = preSolution
		{1F9AF362-4985-37CB-A18F-EFC572E0997A} = {1DDC2BE4-4520-3B29-9D50-920657E59B52}
		{B422E3DD-5431-304E-9F5E-0E12EA7BA6F6} = {1DDC2BE4-4520-3B29-9D50-920657E59B52}
		{2356E8E6-1EBD-3DF8-9A59-AC86EAE503B8} = {1DDC2BE4-4520-3B29-9D50-920657E59B52}
	EndGlobalSection
	GlobalSection(ExtensibilityGlobals) = postSolution
		SolutionGuid = {D5087472-24DE-3023-8F20-65A068F18DD5}
	EndGlobalSection
	GlobalSection(ExtensibilityAddIns) = postSolution
	EndGlobalSection
EndGlobal
